{
  "name": "photon-ant",
  "version": "0.1.0",
  "lockfileVersion": 1,
  "requires": true,
  "dependencies": {
    "add-dom-event-listener": {
      "version": "1.0.2",
      "resolved": "https://registry.npmjs.org/add-dom-event-listener/-/add-dom-event-listener-1.0.2.tgz",
      "integrity": "sha1-j67SxBAIchzxEdodMNmVuFvkK+0=",
      "requires": {
        "object-assign": "4.1.1"
      }
    },
    "ajv": {
      "version": "5.3.0",
      "resolved": "https://registry.npmjs.org/ajv/-/ajv-5.3.0.tgz",
      "integrity": "sha1-RBT/dKUIecII7l/cgm4ywwNUnto=",
      "optional": true,
      "requires": {
        "co": "4.6.0",
        "fast-deep-equal": "1.0.0",
        "fast-json-stable-stringify": "2.0.0",
        "json-schema-traverse": "0.3.1"
      }
    },
    "antd": {
      "version": "2.13.6",
      "resolved": "https://registry.npmjs.org/antd/-/antd-2.13.6.tgz",
      "integrity": "sha512-wKyh13mr5zgf8zowQ9H4dL157nZ37sb22zp8Icn5pQprU7hvidiPyLzXWtVcnkEfTD8XKrq/xAJdeJbP7OW4TA==",
      "requires": {
        "array-tree-filter": "1.0.1",
        "babel-runtime": "6.26.0",
        "classnames": "2.2.5",
        "create-react-class": "15.6.2",
        "css-animation": "1.4.1",
        "dom-closest": "0.2.0",
        "lodash.debounce": "4.0.8",
        "moment": "2.19.1",
        "omit.js": "1.0.0",
        "prop-types": "15.6.0",
        "rc-animate": "2.4.1",
        "rc-calendar": "9.0.4",
        "rc-cascader": "0.11.6",
        "rc-checkbox": "2.0.3",
        "rc-collapse": "1.7.6",
        "rc-dialog": "6.5.11",
        "rc-dropdown": "1.5.1",
        "rc-editor-mention": "0.6.13",
        "rc-form": "1.4.8",
        "rc-input-number": "3.6.9",
        "rc-menu": "5.0.13",
        "rc-notification": "2.0.6",
        "rc-pagination": "1.12.10",
        "rc-progress": "2.2.2",
        "rc-rate": "2.1.1",
        "rc-select": "6.9.5",
        "rc-slider": "8.3.5",
        "rc-steps": "2.5.2",
        "rc-switch": "1.5.3",
        "rc-table": "5.6.13",
        "rc-tabs": "9.1.5",
        "rc-time-picker": "2.4.1",
        "rc-tooltip": "3.4.9",
        "rc-tree": "1.7.8",
        "rc-tree-select": "1.10.11",
        "rc-upload": "2.4.3",
        "rc-util": "4.1.1",
        "react-lazy-load": "3.0.12",
        "react-slick": "0.15.4",
        "shallowequal": "1.0.2",
        "warning": "3.0.0"
      }
    },
    "array-tree-filter": {
      "version": "1.0.1",
      "resolved": "https://registry.npmjs.org/array-tree-filter/-/array-tree-filter-1.0.1.tgz",
      "integrity": "sha1-CorR7v04zoiFhjL5zAQj12NOTV0="
    },
    "asap": {
      "version": "2.0.6",
      "resolved": "https://registry.npmjs.org/asap/-/asap-2.0.6.tgz",
      "integrity": "sha1-5QNHYR1+aQlDIIu9r+vLwvuGbUY="
    },
    "asn1": {
      "version": "0.2.3",
      "resolved": "https://registry.npmjs.org/asn1/-/asn1-0.2.3.tgz",
      "integrity": "sha1-2sh4dxPJlmhJ/IGAd36+nB3fO4Y=",
      "optional": true
    },
    "assert-plus": {
      "version": "1.0.0",
      "resolved": "https://registry.npmjs.org/assert-plus/-/assert-plus-1.0.0.tgz",
      "integrity": "sha1-8S4PPF13sLHN2RRpQuTpbB5N1SU="
    },
    "async-validator": {
      "version": "1.8.1",
      "resolved": "https://registry.npmjs.org/async-validator/-/async-validator-1.8.1.tgz",
      "integrity": "sha1-ZmV4jKOSaa93Dl7gLw5VfyQ40so=",
      "requires": {
        "babel-runtime": "6.26.0"
      }
    },
    "asynckit": {
      "version": "0.4.0",
      "resolved": "https://registry.npmjs.org/asynckit/-/asynckit-0.4.0.tgz",
      "integrity": "sha1-x57Zf380y48robyXkLzDZkdLS3k=",
      "optional": true
    },
    "attr-accept": {
      "version": "1.1.0",
      "resolved": "https://registry.npmjs.org/attr-accept/-/attr-accept-1.1.0.tgz",
      "integrity": "sha1-tc01In8WOTWo8d4Q7T66FpQfa+Y="
    },
    "aws-sign2": {
      "version": "0.7.0",
      "resolved": "https://registry.npmjs.org/aws-sign2/-/aws-sign2-0.7.0.tgz",
      "integrity": "sha1-tG6JCTSpWR8tL2+G1+ap8bP+dqg=",
      "optional": true
    },
    "aws4": {
      "version": "1.6.0",
      "resolved": "https://registry.npmjs.org/aws4/-/aws4-1.6.0.tgz",
      "integrity": "sha1-g+9cqGCysy5KDe7e6MdxudtXRx4=",
      "optional": true
    },
    "babel-runtime": {
      "version": "6.26.0",
      "resolved": "https://registry.npmjs.org/babel-runtime/-/babel-runtime-6.26.0.tgz",
      "integrity": "sha1-llxwWGaOgrVde/4E/yM3vItWR/4=",
      "requires": {
        "core-js": "2.5.1",
        "regenerator-runtime": "0.11.0"
      }
    },
    "bcrypt-pbkdf": {
      "version": "1.0.1",
      "resolved": "https://registry.npmjs.org/bcrypt-pbkdf/-/bcrypt-pbkdf-1.0.1.tgz",
      "integrity": "sha1-Y7xdy2EzG5K8Bf1SiVPDNGKgb40=",
      "optional": true,
      "requires": {
        "tweetnacl": "0.14.5"
      }
    },
    "big.js": {
      "version": "3.2.0",
      "resolved": "https://registry.npmjs.org/big.js/-/big.js-3.2.0.tgz",
      "integrity": "sha512-+hN/Zh2D08Mx65pZ/4g5bsmNiZUuChDiQfTUQ7qJr4/kuopCr88xZsAXv6mBoZEsUI4OuGHlX59qE94K2mMW8Q=="
    },
    "boom": {
      "version": "4.3.1",
      "resolved": "https://registry.npmjs.org/boom/-/boom-4.3.1.tgz",
      "integrity": "sha1-T4owBctKfjiJ90kDD9JbluAdLjE=",
      "optional": true,
      "requires": {
        "hoek": "4.2.0"
      }
    },
    "can-use-dom": {
      "version": "0.1.0",
      "resolved": "https://registry.npmjs.org/can-use-dom/-/can-use-dom-0.1.0.tgz",
      "integrity": "sha1-IsxKNKCrxDlQ9CxkEQJKP2NmtFo="
    },
    "caseless": {
      "version": "0.12.0",
      "resolved": "https://registry.npmjs.org/caseless/-/caseless-0.12.0.tgz",
      "integrity": "sha1-G2gcIf+EAzyCZUMJBolCDRhxUdw=",
      "optional": true
    },
    "classnames": {
      "version": "2.2.5",
      "resolved": "https://registry.npmjs.org/classnames/-/classnames-2.2.5.tgz",
      "integrity": "sha1-+zgB1FNGdknvNgPH1hoCvRKb3m0="
    },
    "clone": {
      "version": "2.1.1",
      "resolved": "https://registry.npmjs.org/clone/-/clone-2.1.1.tgz",
      "integrity": "sha1-0hfR6WERjjrJpLi7oyhVU79kfNs="
    },
    "co": {
      "version": "4.6.0",
      "resolved": "https://registry.npmjs.org/co/-/co-4.6.0.tgz",
      "integrity": "sha1-bqa989hTrlTMuOR7+gvz+QMfsYQ=",
      "optional": true
    },
    "combined-stream": {
      "version": "1.0.5",
      "resolved": "https://registry.npmjs.org/combined-stream/-/combined-stream-1.0.5.tgz",
      "integrity": "sha1-k4NwpXtKUd6ix3wV1cX9+JUWQAk=",
      "requires": {
        "delayed-stream": "1.0.0"
      }
    },
    "component-classes": {
      "version": "1.2.6",
      "resolved": "https://registry.npmjs.org/component-classes/-/component-classes-1.2.6.tgz",
      "integrity": "sha1-xkI5TDYYpNiwuJGe/Mu9kw5c1pE=",
      "requires": {
        "component-indexof": "0.0.3"
      }
    },
    "component-indexof": {
      "version": "0.0.3",
      "resolved": "https://registry.npmjs.org/component-indexof/-/component-indexof-0.0.3.tgz",
      "integrity": "sha1-EdCRMSI5648yyPJa6csAL/6NPCQ="
    },
    "core-js": {
      "version": "2.5.1",
      "resolved": "https://registry.npmjs.org/core-js/-/core-js-2.5.1.tgz",
      "integrity": "sha1-rmh03GaTd4m4B1T/VCjfZoGcpQs="
    },
    "core-util-is": {
      "version": "1.0.2",
      "resolved": "https://registry.npmjs.org/core-util-is/-/core-util-is-1.0.2.tgz",
      "integrity": "sha1-tf1UIgqivFq1eqtxQMlAdUUDwac=",
      "optional": true
    },
    "create-react-class": {
      "version": "15.6.2",
      "resolved": "https://registry.npmjs.org/create-react-class/-/create-react-class-15.6.2.tgz",
      "integrity": "sha1-zx7RXxKq1/FO9fLf4F5sQvke8Co=",
      "requires": {
        "fbjs": "0.8.16",
        "loose-envify": "1.3.1",
        "object-assign": "4.1.1"
      }
    },
    "cryptiles": {
      "version": "3.1.2",
      "resolved": "https://registry.npmjs.org/cryptiles/-/cryptiles-3.1.2.tgz",
      "integrity": "sha1-qJ+7Ig9c4l7FboxKqKT9e1sNKf4=",
      "optional": true,
      "requires": {
        "boom": "5.2.0"
      },
      "dependencies": {
        "boom": {
          "version": "5.2.0",
          "resolved": "https://registry.npmjs.org/boom/-/boom-5.2.0.tgz",
          "integrity": "sha512-Z5BTk6ZRe4tXXQlkqftmsAUANpXmuwlsF5Oov8ThoMbQRzdGTA1ngYRW160GexgOgjsFOKJz0LYhoNi+2AMBUw==",
          "optional": true,
          "requires": {
            "hoek": "4.2.0"
          }
        }
      }
    },
    "css-animation": {
      "version": "1.4.1",
      "resolved": "https://registry.npmjs.org/css-animation/-/css-animation-1.4.1.tgz",
      "integrity": "sha1-W4gTEl3g+7uwu+G0cq6EIhRpt6g=",
      "requires": {
        "babel-runtime": "6.26.0",
        "component-classes": "1.2.6"
      }
    },
    "dashdash": {
      "version": "1.14.1",
      "resolved": "https://registry.npmjs.org/dashdash/-/dashdash-1.14.1.tgz",
      "integrity": "sha1-hTz6D3y+L+1d4gMmuN1YEDX24vA=",
      "optional": true,
      "requires": {
        "assert-plus": "1.0.0"
      }
    },
    "delayed-stream": {
      "version": "1.0.0",
      "resolved": "https://registry.npmjs.org/delayed-stream/-/delayed-stream-1.0.0.tgz",
      "integrity": "sha1-3zrhmayt+31ECqrgsp4icrJOxhk="
    },
    "dom-align": {
      "version": "1.6.5",
      "resolved": "https://registry.npmjs.org/dom-align/-/dom-align-1.6.5.tgz",
      "integrity": "sha512-f/JRwEZOv8Dfsv4yIy4s7LRNwmiD80PlnYSa9fJfLaYinUSjrChdNvDvXRZDX/+CKBZWCsPN1Co0aM38xy4RpA=="
    },
    "dom-closest": {
      "version": "0.2.0",
      "resolved": "https://registry.npmjs.org/dom-closest/-/dom-closest-0.2.0.tgz",
      "integrity": "sha1-69n5HRvyLo1vR3h2u80+yQIWwM8=",
      "requires": {
        "dom-matches": "2.0.0"
      }
    },
    "dom-matches": {
      "version": "2.0.0",
      "resolved": "https://registry.npmjs.org/dom-matches/-/dom-matches-2.0.0.tgz",
      "integrity": "sha1-0nKLQWqHUzmA6wibhI0lPPI6dYw="
    },
    "dom-scroll-into-view": {
      "version": "1.2.1",
      "resolved": "https://registry.npmjs.org/dom-scroll-into-view/-/dom-scroll-into-view-1.2.1.tgz",
      "integrity": "sha1-6PNnMt0ImwIBqI14Fdw/iObWbH4="
    },
    "draft-js": {
      "version": "0.10.4",
      "resolved": "https://registry.npmjs.org/draft-js/-/draft-js-0.10.4.tgz",
      "integrity": "sha1-FHdBZCCXyBINjtwjLpUD6Lf7jTU=",
      "requires": {
        "fbjs": "0.8.16",
        "immutable": "3.7.6",
        "object-assign": "4.1.1"
      }
    },
    "ecc-jsbn": {
      "version": "0.1.1",
      "resolved": "https://registry.npmjs.org/ecc-jsbn/-/ecc-jsbn-0.1.1.tgz",
      "integrity": "sha1-D8c6ntXw1Tw4GTOYUj735UN3dQU=",
      "optional": true,
      "requires": {
        "jsbn": "0.1.1"
      }
    },
    "emojis-list": {
      "version": "2.1.0",
      "resolved": "https://registry.npmjs.org/emojis-list/-/emojis-list-2.1.0.tgz",
      "integrity": "sha1-TapNnbAPmBmIDHn6RXrlsJof04k="
    },
    "encoding": {
      "version": "0.1.12",
      "resolved": "https://registry.npmjs.org/encoding/-/encoding-0.1.12.tgz",
      "integrity": "sha1-U4tm8+5izRq1HsMjgp0flIDHS+s=",
      "requires": {
        "iconv-lite": "0.4.19"
      }
    },
    "enquire.js": {
      "version": "2.1.6",
      "resolved": "https://registry.npmjs.org/enquire.js/-/enquire.js-2.1.6.tgz",
      "integrity": "sha1-PoeAybi4NQhMP2DhZtvDwqPImBQ="
    },
    "errno": {
      "version": "0.1.4",
      "resolved": "https://registry.npmjs.org/errno/-/errno-0.1.4.tgz",
      "integrity": "sha1-uJbiOp5ei6M4cfyZar02NfyaHH0=",
      "optional": true,
      "requires": {
        "prr": "0.0.0"
      }
    },
    "eventlistener": {
      "version": "0.0.1",
      "resolved": "https://registry.npmjs.org/eventlistener/-/eventlistener-0.0.1.tgz",
      "integrity": "sha1-7Suqu4UiJ68rz4iRUscsY8pTLrg="
    },
    "extend": {
      "version": "3.0.1",
      "resolved": "https://registry.npmjs.org/extend/-/extend-3.0.1.tgz",
      "integrity": "sha1-p1Xqe8Gt/MWjHOfnYtuq3F5jZEQ=",
      "optional": true
    },
    "extsprintf": {
      "version": "1.3.0",
      "resolved": "https://registry.npmjs.org/extsprintf/-/extsprintf-1.3.0.tgz",
      "integrity": "sha1-lpGEQOMEGnpBT4xS48V06zw+HgU="
    },
    "fast-deep-equal": {
      "version": "1.0.0",
      "resolved": "https://registry.npmjs.org/fast-deep-equal/-/fast-deep-equal-1.0.0.tgz",
      "integrity": "sha1-liVqO8l1WV6zbYLpkp0GDYk0Of8=",
      "optional": true
    },
    "fast-json-stable-stringify": {
      "version": "2.0.0",
      "resolved": "https://registry.npmjs.org/fast-json-stable-stringify/-/fast-json-stable-stringify-2.0.0.tgz",
      "integrity": "sha1-1RQsDK7msRifh9OnYREGT4bIu/I=",
      "optional": true
    },
    "fbjs": {
      "version": "0.8.16",
      "resolved": "https://registry.npmjs.org/fbjs/-/fbjs-0.8.16.tgz",
      "integrity": "sha1-XmdDL1UNxBtXK/VYR7ispk5TN9s=",
      "requires": {
        "core-js": "1.2.7",
        "isomorphic-fetch": "2.2.1",
        "loose-envify": "1.3.1",
        "object-assign": "4.1.1",
        "promise": "7.3.1",
        "setimmediate": "1.0.5",
        "ua-parser-js": "0.7.17"
      },
      "dependencies": {
        "core-js": {
          "version": "1.2.7",
          "resolved": "https://registry.npmjs.org/core-js/-/core-js-1.2.7.tgz",
          "integrity": "sha1-ZSKUwUZR2yj6k70tX/KYOk8IxjY="
        }
      }
    },
    "forever-agent": {
      "version": "0.6.1",
      "resolved": "https://registry.npmjs.org/forever-agent/-/forever-agent-0.6.1.tgz",
      "integrity": "sha1-+8cfDEGt6zf5bFd60e1C2P2sypE=",
      "optional": true
    },
    "form-data": {
      "version": "2.3.1",
      "resolved": "https://registry.npmjs.org/form-data/-/form-data-2.3.1.tgz",
      "integrity": "sha1-b7lPvXGIUwbXPRXMSX/kzE7NRL8=",
      "optional": true,
      "requires": {
        "asynckit": "0.4.0",
        "combined-stream": "1.0.5",
        "mime-types": "2.1.17"
      }
    },
    "getpass": {
      "version": "0.1.7",
      "resolved": "https://registry.npmjs.org/getpass/-/getpass-0.1.7.tgz",
      "integrity": "sha1-Xv+OPmhNVprkyysSgmBOi6YhSfo=",
      "optional": true,
      "requires": {
        "assert-plus": "1.0.0"
      }
    },
    "graceful-fs": {
      "version": "4.1.11",
      "resolved": "https://registry.npmjs.org/graceful-fs/-/graceful-fs-4.1.11.tgz",
      "integrity": "sha1-Dovf5NHduIVNZOBOp8AOKgJuVlg=",
      "optional": true
    },
    "hammerjs": {
      "version": "2.0.8",
      "resolved": "https://registry.npmjs.org/hammerjs/-/hammerjs-2.0.8.tgz",
      "integrity": "sha1-BO93hiz/K7edMPdpIJWTAiK/YPE="
    },
    "har-schema": {
      "version": "2.0.0",
      "resolved": "https://registry.npmjs.org/har-schema/-/har-schema-2.0.0.tgz",
      "integrity": "sha1-qUwiJOvKwEeCoNkDVSHyRzW37JI=",
      "optional": true
    },
    "har-validator": {
      "version": "5.0.3",
      "resolved": "https://registry.npmjs.org/har-validator/-/har-validator-5.0.3.tgz",
      "integrity": "sha1-ukAsJmGU8VlW7xXg/PJCmT9qff0=",
      "optional": true,
      "requires": {
        "ajv": "5.3.0",
        "har-schema": "2.0.0"
      }
    },
    "hawk": {
      "version": "6.0.2",
      "resolved": "https://registry.npmjs.org/hawk/-/hawk-6.0.2.tgz",
      "integrity": "sha512-miowhl2+U7Qle4vdLqDdPt9m09K6yZhkLDTWGoUiUzrQCn+mHHSmfJgAyGaLRZbPmTqfFFjRV1QWCW0VWUJBbQ==",
      "optional": true,
      "requires": {
        "boom": "4.3.1",
        "cryptiles": "3.1.2",
        "hoek": "4.2.0",
        "sntp": "2.1.0"
      }
    },
    "hoek": {
      "version": "4.2.0",
      "resolved": "https://registry.npmjs.org/hoek/-/hoek-4.2.0.tgz",
      "integrity": "sha512-v0XCLxICi9nPfYrS9RL8HbYnXi9obYAeLbSP00BmnZwCK9+Ih9WOjoZ8YoHCoav2csqn4FOz4Orldsy2dmDwmQ=="
    },
    "hoist-non-react-statics": {
      "version": "1.2.0",
      "resolved": "https://registry.npmjs.org/hoist-non-react-statics/-/hoist-non-react-statics-1.2.0.tgz",
      "integrity": "sha1-qkSM8JhtVcxAdzsXF0t90GbLfPs="
    },
    "http-signature": {
      "version": "1.2.0",
      "resolved": "https://registry.npmjs.org/http-signature/-/http-signature-1.2.0.tgz",
      "integrity": "sha1-muzZJRFHcvPZW2WmCruPfBj7rOE=",
      "optional": true,
      "requires": {
        "assert-plus": "1.0.0",
        "jsprim": "1.4.1",
        "sshpk": "1.13.1"
      }
    },
    "iconv-lite": {
      "version": "0.4.19",
      "resolved": "https://registry.npmjs.org/iconv-lite/-/iconv-lite-0.4.19.tgz",
      "integrity": "sha512-oTZqweIP51xaGPI4uPa56/Pri/480R+mo7SeU+YETByQNhDG55ycFyNLIgta9vXhILrxXDmF7ZGhqZIcuN0gJQ=="
    },
    "image-size": {
      "version": "0.5.5",
      "resolved": "https://registry.npmjs.org/image-size/-/image-size-0.5.5.tgz",
      "integrity": "sha1-Cd/Uq50g4p6xw+gLiZA3jfnjy5w=",
      "optional": true
    },
    "immutable": {
      "version": "3.7.6",
      "resolved": "https://registry.npmjs.org/immutable/-/immutable-3.7.6.tgz",
      "integrity": "sha1-E7TTyxK++hVIKib+Gy665kAHHks="
    },
    "is-stream": {
      "version": "1.1.0",
      "resolved": "https://registry.npmjs.org/is-stream/-/is-stream-1.1.0.tgz",
      "integrity": "sha1-EtSj3U5o4Lec6428hBc66A2RykQ="
    },
    "is-typedarray": {
      "version": "1.0.0",
      "resolved": "https://registry.npmjs.org/is-typedarray/-/is-typedarray-1.0.0.tgz",
      "integrity": "sha1-5HnICFjfDBsR3dppQPlgEfzaSpo=",
      "optional": true
    },
    "isomorphic-fetch": {
      "version": "2.2.1",
      "resolved": "https://registry.npmjs.org/isomorphic-fetch/-/isomorphic-fetch-2.2.1.tgz",
      "integrity": "sha1-YRrhrPFPXoH3KVB0coGf6XM1WKk=",
      "requires": {
        "node-fetch": "1.7.3",
        "whatwg-fetch": "2.0.3"
      }
    },
    "isstream": {
      "version": "0.1.2",
      "resolved": "https://registry.npmjs.org/isstream/-/isstream-0.1.2.tgz",
      "integrity": "sha1-R+Y/evVa+m+S4VAOaQ64uFKcCZo=",
      "optional": true
    },
    "js-tokens": {
      "version": "3.0.2",
      "resolved": "https://registry.npmjs.org/js-tokens/-/js-tokens-3.0.2.tgz",
      "integrity": "sha1-mGbfOVECEw449/mWvOtlRDIJwls="
    },
    "jsbn": {
      "version": "0.1.1",
      "resolved": "https://registry.npmjs.org/jsbn/-/jsbn-0.1.1.tgz",
      "integrity": "sha1-peZUwuWi3rXyAdls77yoDA7y9RM=",
      "optional": true
    },
    "json-schema": {
      "version": "0.2.3",
      "resolved": "https://registry.npmjs.org/json-schema/-/json-schema-0.2.3.tgz",
      "integrity": "sha1-tIDIkuWaLwWVTOcnvT8qTogvnhM=",
      "optional": true
    },
    "json-schema-traverse": {
      "version": "0.3.1",
      "resolved": "https://registry.npmjs.org/json-schema-traverse/-/json-schema-traverse-0.3.1.tgz",
      "integrity": "sha1-NJptRMU6Ud6JtAgFxdXlm0F9M0A=",
      "optional": true
    },
    "json-stringify-safe": {
      "version": "5.0.1",
      "resolved": "https://registry.npmjs.org/json-stringify-safe/-/json-stringify-safe-5.0.1.tgz",
      "integrity": "sha1-Epai1Y/UXxmg9s4B1lcB4sc1tus=",
      "optional": true
    },
    "json2mq": {
      "version": "0.2.0",
      "resolved": "https://registry.npmjs.org/json2mq/-/json2mq-0.2.0.tgz",
      "integrity": "sha1-tje9O6nqvhIsg+lyBIOusQ0skEo=",
      "requires": {
        "string-convert": "0.2.1"
      }
    },
    "json5": {
      "version": "0.5.1",
      "resolved": "https://registry.npmjs.org/json5/-/json5-0.5.1.tgz",
      "integrity": "sha1-Hq3nrMASA0rYTiOWdn6tn6VJWCE="
    },
    "jsprim": {
      "version": "1.4.1",
      "resolved": "https://registry.npmjs.org/jsprim/-/jsprim-1.4.1.tgz",
      "integrity": "sha1-MT5mvB5cwG5Di8G3SZwuXFastqI=",
      "optional": true,
      "requires": {
        "assert-plus": "1.0.0",
        "extsprintf": "1.3.0",
        "json-schema": "0.2.3",
        "verror": "1.10.0"
      }
    },
    "less": {
      "version": "2.7.2",
      "resolved": "https://registry.npmjs.org/less/-/less-2.7.2.tgz",
      "integrity": "sha1-No1sxz4fsDmBGDKAkYdDxdz5s98=",
      "requires": {
        "errno": "0.1.4",
        "graceful-fs": "4.1.11",
        "image-size": "0.5.5",
        "mime": "1.4.1",
        "mkdirp": "0.5.1",
        "promise": "7.3.1",
        "request": "2.83.0",
        "source-map": "0.5.7"
      }
    },
    "less-loader": {
      "version": "4.0.5",
      "resolved": "https://registry.npmjs.org/less-loader/-/less-loader-4.0.5.tgz",
      "integrity": "sha1-rhVadAbKxqzSk9eFWH/P8PR4xN0=",
      "requires": {
        "clone": "2.1.1",
        "loader-utils": "1.1.0",
        "pify": "2.3.0"
      }
    },
    "loader-utils": {
      "version": "1.1.0",
      "resolved": "https://registry.npmjs.org/loader-utils/-/loader-utils-1.1.0.tgz",
      "integrity": "sha1-yYrvSIvM7aL/teLeZG1qdUQp9c0=",
      "requires": {
        "big.js": "3.2.0",
        "emojis-list": "2.1.0",
        "json5": "0.5.1"
      }
    },
    "lodash": {
      "version": "4.17.4",
      "resolved": "https://registry.npmjs.org/lodash/-/lodash-4.17.4.tgz",
      "integrity": "sha1-eCA6TRwyiuHYbcpkYONptX9AVa4="
    },
    "lodash._getnative": {
      "version": "3.9.1",
      "resolved": "https://registry.npmjs.org/lodash._getnative/-/lodash._getnative-3.9.1.tgz",
      "integrity": "sha1-VwvH3t5G1hzc3mh9ZdPuy6o6r/U="
    },
    "lodash.debounce": {
      "version": "4.0.8",
      "resolved": "https://registry.npmjs.org/lodash.debounce/-/lodash.debounce-4.0.8.tgz",
      "integrity": "sha1-gteb/zCmfEAF/9XiUVMArZyk168="
    },
    "lodash.get": {
      "version": "4.4.2",
      "resolved": "https://registry.npmjs.org/lodash.get/-/lodash.get-4.4.2.tgz",
      "integrity": "sha1-LRd/ZS+jHpObRDjVNBSZ36OCXpk="
    },
    "lodash.isarguments": {
      "version": "3.1.0",
      "resolved": "https://registry.npmjs.org/lodash.isarguments/-/lodash.isarguments-3.1.0.tgz",
      "integrity": "sha1-L1c9hcaiQon/AGY7SRwdM4/zRYo="
    },
    "lodash.isarray": {
      "version": "3.0.4",
      "resolved": "https://registry.npmjs.org/lodash.isarray/-/lodash.isarray-3.0.4.tgz",
      "integrity": "sha1-eeTriMNqgSKvhvhEqpvNhRtfu1U="
    },
    "lodash.keys": {
      "version": "3.1.2",
      "resolved": "https://registry.npmjs.org/lodash.keys/-/lodash.keys-3.1.2.tgz",
      "integrity": "sha1-TbwEcrFWvlCgsoaFXRvQsMZWCYo=",
      "requires": {
        "lodash._getnative": "3.9.1",
        "lodash.isarguments": "3.1.0",
        "lodash.isarray": "3.0.4"
      }
    },
    "lodash.throttle": {
      "version": "4.1.1",
      "resolved": "https://registry.npmjs.org/lodash.throttle/-/lodash.throttle-4.1.1.tgz",
      "integrity": "sha1-wj6RtxAkKscMN/HhzaknTMOb8vQ="
    },
    "loose-envify": {
      "version": "1.3.1",
      "resolved": "https://registry.npmjs.org/loose-envify/-/loose-envify-1.3.1.tgz",
      "integrity": "sha1-0aitM/qc4OcT1l/dCsi3SNR4yEg=",
      "requires": {
        "js-tokens": "3.0.2"
      }
    },
    "mime": {
      "version": "1.4.1",
      "resolved": "https://registry.npmjs.org/mime/-/mime-1.4.1.tgz",
      "integrity": "sha512-KI1+qOZu5DcW6wayYHSzR/tXKCDC5Om4s1z2QJjDULzLcmf3DvzS7oluY4HCTrc+9FiKmWUgeNLg7W3uIQvxtQ==",
      "optional": true
    },
    "mime-db": {
      "version": "1.30.0",
      "resolved": "https://registry.npmjs.org/mime-db/-/mime-db-1.30.0.tgz",
      "integrity": "sha1-dMZD2i3Z1qRTmZY0ZbJtXKfXHwE="
    },
    "mime-types": {
      "version": "2.1.17",
      "resolved": "https://registry.npmjs.org/mime-types/-/mime-types-2.1.17.tgz",
      "integrity": "sha1-Cdejk/A+mVp5+K+Fe3Cp4KsWVXo=",
      "requires": {
        "mime-db": "1.30.0"
      }
    },
    "minimist": {
      "version": "0.0.8",
      "resolved": "https://registry.npmjs.org/minimist/-/minimist-0.0.8.tgz",
      "integrity": "sha1-hX/Kv8M5fSYluCKCYuhqp6ARsF0=",
      "optional": true
    },
    "mkdirp": {
      "version": "0.5.1",
      "resolved": "https://registry.npmjs.org/mkdirp/-/mkdirp-0.5.1.tgz",
      "integrity": "sha1-MAV0OOrGz3+MR2fzhkjWaX11yQM=",
      "optional": true,
      "requires": {
        "minimist": "0.0.8"
      }
    },
    "moment": {
      "version": "2.19.1",
      "resolved": "https://registry.npmjs.org/moment/-/moment-2.19.1.tgz",
      "integrity": "sha1-VtoaLRy/AdOLfhr8McELz6GSkWc="
    },
    "node-fetch": {
      "version": "1.7.3",
      "resolved": "https://registry.npmjs.org/node-fetch/-/node-fetch-1.7.3.tgz",
      "integrity": "sha512-NhZ4CsKx7cYm2vSrBAr2PvFOe6sWDf0UYLRqA6svUYg7+/TSfVAu49jYC4BvQ4Sms9SZgdqGBgroqfDhJdTyKQ==",
      "requires": {
        "encoding": "0.1.12",
        "is-stream": "1.1.0"
      }
    },
    "oauth-sign": {
      "version": "0.8.2",
      "resolved": "https://registry.npmjs.org/oauth-sign/-/oauth-sign-0.8.2.tgz",
      "integrity": "sha1-Rqarfwrq2N6unsBWV4C31O/rnUM=",
      "optional": true
    },
    "object-assign": {
      "version": "4.1.1",
      "resolved": "https://registry.npmjs.org/object-assign/-/object-assign-4.1.1.tgz",
      "integrity": "sha1-IQmtx5ZYh8/AXLvUQsrIv7s2CGM="
    },
    "omit.js": {
      "version": "1.0.0",
      "resolved": "https://registry.npmjs.org/omit.js/-/omit.js-1.0.0.tgz",
      "integrity": "sha512-O1rwbvEfAdhtonTv+v6IQeMOKTi/wlHcXpI3hehyPDlujkjSBQC6Vtzg0mdy+v2KVDmuPf7hAbHlTBM6q1bUHQ==",
      "requires": {
        "babel-runtime": "6.26.0"
      }
    },
    "performance-now": {
      "version": "2.1.0",
      "resolved": "https://registry.npmjs.org/performance-now/-/performance-now-2.1.0.tgz",
      "integrity": "sha1-Ywn04OX6kT7BxpMHrjZLSzd8nns=",
      "optional": true
    },
    "photon-colors": {
      "version": "1.3.0",
      "resolved": "https://registry.npmjs.org/photon-colors/-/photon-colors-1.3.0.tgz",
      "integrity": "sha512-6W8toffGFQ2nIsXiF1Eqa8Tam7LqK+Tz00HwUIu3Az9ink76/zrF3yYjXi6taGx5oj1pDtAEbipmRp/AY4he9g=="
    },
    "pify": {
      "version": "2.3.0",
      "resolved": "https://registry.npmjs.org/pify/-/pify-2.3.0.tgz",
      "integrity": "sha1-7RQaasBDqEnqWISY59yosVMw6Qw="
    },
    "promise": {
      "version": "7.3.1",
      "resolved": "https://registry.npmjs.org/promise/-/promise-7.3.1.tgz",
      "integrity": "sha512-nolQXZ/4L+bP/UGlkfaIujX9BKxGwmQ9OT4mOt5yvy8iK1h3wqTEJCijzGANTCCl9nWjY41juyAn2K3Q1hLLTg==",
      "requires": {
        "asap": "2.0.6"
      }
    },
    "prop-types": {
      "version": "15.6.0",
      "resolved": "https://registry.npmjs.org/prop-types/-/prop-types-15.6.0.tgz",
      "integrity": "sha1-zq8IMCL8RrSjX2nhPvda7Q1jmFY=",
      "requires": {
        "fbjs": "0.8.16",
        "loose-envify": "1.3.1",
        "object-assign": "4.1.1"
      }
    },
    "prr": {
      "version": "0.0.0",
      "resolved": "https://registry.npmjs.org/prr/-/prr-0.0.0.tgz",
      "integrity": "sha1-GoS4WQgyVQFBGFPQCB7j+obikmo=",
      "optional": true
    },
    "punycode": {
      "version": "1.4.1",
      "resolved": "https://registry.npmjs.org/punycode/-/punycode-1.4.1.tgz",
      "integrity": "sha1-wNWmOycYgArY4esPpSachN1BhF4=",
      "optional": true
    },
    "qs": {
      "version": "6.5.1",
      "resolved": "https://registry.npmjs.org/qs/-/qs-6.5.1.tgz",
      "integrity": "sha512-eRzhrN1WSINYCDCbrz796z37LOe3m5tmW7RQf6oBntukAG1nmovJvhnwHHRMAfeoItc1m2Hk02WER2aQ/iqs+A==",
      "optional": true
    },
    "rc-align": {
      "version": "2.3.4",
      "resolved": "https://registry.npmjs.org/rc-align/-/rc-align-2.3.4.tgz",
      "integrity": "sha1-2Dvat1YPAULnKj3h1JXatroiUkk=",
      "requires": {
        "dom-align": "1.6.5",
        "prop-types": "15.6.0",
        "rc-util": "4.1.1"
      }
    },
    "rc-animate": {
      "version": "2.4.1",
      "resolved": "https://registry.npmjs.org/rc-animate/-/rc-animate-2.4.1.tgz",
      "integrity": "sha512-hixobyAvDv0Oz4gHPOh67K4ck5Rz3JBBojBuKzYcu4b8JKMIiJxym83DfkkkYxXEEx/rwGf0mU0Dno/lbWghIQ==",
      "requires": {
        "babel-runtime": "6.26.0",
        "css-animation": "1.4.1",
        "prop-types": "15.6.0"
      }
    },
    "rc-calendar": {
      "version": "9.0.4",
      "resolved": "https://registry.npmjs.org/rc-calendar/-/rc-calendar-9.0.4.tgz",
      "integrity": "sha512-Ut/QLqkm8QfnomyOduQxb8XEz84Dgrk0H2nmuhWbNNQ5ReoK6ZbFzbyjHAECeIHslL19PxU7aE/8A/MOOCxITw==",
      "requires": {
        "babel-runtime": "6.26.0",
        "classnames": "2.2.5",
        "create-react-class": "15.6.2",
        "moment": "2.19.1",
        "prop-types": "15.6.0",
        "rc-trigger": "1.11.5",
        "rc-util": "4.1.1"
      }
    },
    "rc-cascader": {
      "version": "0.11.6",
      "resolved": "https://registry.npmjs.org/rc-cascader/-/rc-cascader-0.11.6.tgz",
      "integrity": "sha512-j9HXC3HrxBy8vpIE/UKtHCLHRWRd9xj2gIMYOnrvnjehRKFdrHxizIdz4Tx7EuN8cVDZe6GYngxFTtBlWCfBFQ==",
      "requires": {
        "array-tree-filter": "1.0.1",
        "prop-types": "15.6.0",
        "rc-trigger": "1.11.5",
        "rc-util": "4.1.1",
        "shallow-equal": "1.0.0"
      }
    },
    "rc-checkbox": {
      "version": "2.0.3",
      "resolved": "https://registry.npmjs.org/rc-checkbox/-/rc-checkbox-2.0.3.tgz",
      "integrity": "sha1-Q2qdUIlI4iSYDwU16nOLSBd6jyU=",
      "requires": {
        "babel-runtime": "6.26.0",
        "classnames": "2.2.5",
        "prop-types": "15.6.0",
        "rc-util": "4.1.1"
      }
    },
    "rc-collapse": {
      "version": "1.7.6",
      "resolved": "https://registry.npmjs.org/rc-collapse/-/rc-collapse-1.7.6.tgz",
      "integrity": "sha512-REqPFBh2N+/skEhk+pfO8phneRZCYCSR1YGAqQUJBrauZvfwaphL86WqSxGUVdy8KeIRl3gNw0J/b3lkD4yLxQ==",
      "requires": {
        "classnames": "2.2.5",
        "css-animation": "1.4.1",
        "prop-types": "15.6.0",
        "rc-animate": "2.4.1"
      }
    },
    "rc-dialog": {
      "version": "6.5.11",
      "resolved": "https://registry.npmjs.org/rc-dialog/-/rc-dialog-6.5.11.tgz",
      "integrity": "sha512-FGifsGYvCO8vZQ6SBezXUf60JZ2wa2tHv+qLnUPA7HJaR52v4l4pVwQJgdbNiE3lvveH0Qq4x6C9ZQjTAK5SVA==",
      "requires": {
        "babel-runtime": "6.26.0",
        "create-react-class": "15.6.2",
        "object-assign": "4.1.1",
        "rc-animate": "2.4.1",
        "rc-util": "4.1.1"
      }
    },
    "rc-dropdown": {
      "version": "1.5.1",
      "resolved": "https://registry.npmjs.org/rc-dropdown/-/rc-dropdown-1.5.1.tgz",
      "integrity": "sha512-nq+9ZShevzvJXOQyYaACQKlMYWUqnzJCh+TEEy1qpsj5lYeTd9FqFnG6mn2PiL/BeWBWW/lbjaHn56o5e9GJ8Q==",
      "requires": {
        "prop-types": "15.6.0",
        "rc-trigger": "1.11.5"
      }
    },
    "rc-editor-core": {
      "version": "0.7.8",
      "resolved": "https://registry.npmjs.org/rc-editor-core/-/rc-editor-core-0.7.8.tgz",
      "integrity": "sha1-3bgsyDtYcbWgV+ULANF4Zsyd1wc=",
      "requires": {
        "draft-js": "0.10.4",
        "immutable": "3.7.6",
        "lodash": "4.17.4",
        "prop-types": "15.6.0",
        "setimmediate": "1.0.5"
      }
    },
    "rc-editor-mention": {
      "version": "0.6.13",
      "resolved": "https://registry.npmjs.org/rc-editor-mention/-/rc-editor-mention-0.6.13.tgz",
      "integrity": "sha1-UzQ4XLZmQPFZSI6LUMa4hF/AxlQ=",
      "requires": {
        "classnames": "2.2.5",
        "dom-scroll-into-view": "1.2.1",
        "draft-js": "0.10.4",
        "immutable": "3.7.6",
        "prop-types": "15.6.0",
        "rc-animate": "2.4.1",
        "rc-editor-core": "0.7.8"
      }
    },
    "rc-form": {
      "version": "1.4.8",
      "resolved": "https://registry.npmjs.org/rc-form/-/rc-form-1.4.8.tgz",
      "integrity": "sha512-OISgu4LdHmLg/RvnbVmQoRoP2nbthge+bZ6/IKqPm4j4P2s5wQJTSuAKLR4kJoJla0V69czwd7MsOwQN45eBaA==",
      "requires": {
        "async-validator": "1.8.1",
        "babel-runtime": "6.26.0",
        "create-react-class": "15.6.2",
        "dom-scroll-into-view": "1.2.1",
        "hoist-non-react-statics": "1.2.0",
        "lodash": "4.17.4",
        "warning": "3.0.0"
      }
    },
    "rc-hammerjs": {
      "version": "0.6.9",
      "resolved": "https://registry.npmjs.org/rc-hammerjs/-/rc-hammerjs-0.6.9.tgz",
      "integrity": "sha512-4llgWO3RgLyVbEqUdGsDfzUDqklRlQW5VEhE3x35IvhV+w//VPRG34SBavK3D2mD/UaLKaohgU41V4agiftC8g==",
      "requires": {
        "babel-runtime": "6.26.0",
        "hammerjs": "2.0.8",
        "prop-types": "15.6.0"
      }
    },
    "rc-input-number": {
      "version": "3.6.9",
      "resolved": "https://registry.npmjs.org/rc-input-number/-/rc-input-number-3.6.9.tgz",
      "integrity": "sha512-Jk31pKK4TItZKlweMHVxYQZbz/XzUa34Vh76lVK+CrWNNeO+WYbG7bT/HGmne2kHS7Xx5+9IzSZfMUjnqeLQyA==",
      "requires": {
        "babel-runtime": "6.26.0",
        "classnames": "2.2.5",
        "create-react-class": "15.6.2",
        "prop-types": "15.6.0",
        "rc-touchable": "1.2.3"
      }
    },
    "rc-menu": {
      "version": "5.0.13",
      "resolved": "https://registry.npmjs.org/rc-menu/-/rc-menu-5.0.13.tgz",
      "integrity": "sha512-XX3269wfHzLkcdWMGJNoKN1yGyDUd9ebF/hz7ytMlSct5QrSU4AFYamq3M8Ust7LOCo6AiX/ZbN2rVUZVXYiTg==",
      "requires": {
        "babel-runtime": "6.26.0",
        "classnames": "2.2.5",
        "create-react-class": "15.6.2",
        "dom-scroll-into-view": "1.2.1",
        "prop-types": "15.6.0",
        "rc-animate": "2.4.1",
        "rc-util": "4.1.1"
      }
    },
    "rc-notification": {
      "version": "2.0.6",
      "resolved": "https://registry.npmjs.org/rc-notification/-/rc-notification-2.0.6.tgz",
      "integrity": "sha512-KD5JcCIiZQaTvbGsbevRFQbHcxTkj49A5ceCBQ2RAnLbCaC9H+plXTZJEUUDMDmESVVx7491CvTzWVAvR9z/Pw==",
      "requires": {
        "babel-runtime": "6.26.0",
        "classnames": "2.2.5",
        "prop-types": "15.6.0",
        "rc-animate": "2.4.1",
        "rc-util": "4.1.1"
      }
    },
    "rc-pagination": {
      "version": "1.12.10",
      "resolved": "https://registry.npmjs.org/rc-pagination/-/rc-pagination-1.12.10.tgz",
      "integrity": "sha512-Afoxbwf759ZPu3/W8/dr1HSXITvnFT4xm7EWI7DuJ94tvQ4mreBPDqRv6TfBJ6BWYbrwEpqpf7r8Zhz40yvgtA==",
      "requires": {
        "babel-runtime": "6.26.0",
        "prop-types": "15.6.0"
      }
    },
    "rc-progress": {
      "version": "2.2.2",
      "resolved": "https://registry.npmjs.org/rc-progress/-/rc-progress-2.2.2.tgz",
      "integrity": "sha1-F58yIhjFM74nvl3fTvbyDh4ih2k=",
      "requires": {
        "babel-runtime": "6.26.0",
        "prop-types": "15.6.0"
      }
    },
    "rc-rate": {
      "version": "2.1.1",
      "resolved": "https://registry.npmjs.org/rc-rate/-/rc-rate-2.1.1.tgz",
      "integrity": "sha1-iK7aiz1kcLuuT2UYxlKgKpWb3cU=",
      "requires": {
        "classnames": "2.2.5",
        "prop-types": "15.6.0"
      }
    },
    "rc-select": {
      "version": "6.9.5",
      "resolved": "https://registry.npmjs.org/rc-select/-/rc-select-6.9.5.tgz",
      "integrity": "sha512-l1VXGmAr+4x0CZCGrdRKPnmtQEuUpMlZmgueAxc/BEjQ8UU8xtRW0yS1m+7N7dMsWDJwNnTs7OnjIoeFBv+43Q==",
      "requires": {
        "babel-runtime": "6.26.0",
        "classnames": "2.2.5",
        "component-classes": "1.2.6",
        "dom-scroll-into-view": "1.2.1",
        "prop-types": "15.6.0",
        "rc-animate": "2.4.1",
        "rc-menu": "5.0.13",
        "rc-trigger": "1.11.5",
        "rc-util": "4.1.1",
        "warning": "3.0.0"
      }
    },
    "rc-slider": {
      "version": "8.3.5",
      "resolved": "https://registry.npmjs.org/rc-slider/-/rc-slider-8.3.5.tgz",
      "integrity": "sha512-zg2fa8WOH101eMCsTShUKFPJ/t74B0m1gE4Icb+gjQ//viX/HrWdF03yiSaXHrgIyXu7go0+uaKgVFXv4r/jHA==",
      "requires": {
        "babel-runtime": "6.26.0",
        "classnames": "2.2.5",
        "prop-types": "15.6.0",
        "rc-tooltip": "3.4.9",
        "rc-util": "4.1.1",
        "shallowequal": "1.0.2",
        "warning": "3.0.0"
      }
    },
    "rc-steps": {
      "version": "2.5.2",
      "resolved": "https://registry.npmjs.org/rc-steps/-/rc-steps-2.5.2.tgz",
      "integrity": "sha512-FsKpogxMaF2GYX3G9pn0pwTm9XTS+fAge/7F9uN0sDRPULUODBaUtlVUAOrDXIFOcIxxeku2UWBA6WfUvmcfTw==",
      "requires": {
        "classnames": "2.2.5",
        "lodash.debounce": "4.0.8",
        "prop-types": "15.6.0"
      }
    },
    "rc-switch": {
      "version": "1.5.3",
      "resolved": "https://registry.npmjs.org/rc-switch/-/rc-switch-1.5.3.tgz",
      "integrity": "sha512-mOs6ZRgtioWt34CBrxC0nH5vJcg8cJ6RuDExN7qua3m9WYmd6NoSMgK3hXI7VDXuAsSLUGiE9MhJyIeeGcr57A==",
      "requires": {
        "babel-runtime": "6.26.0",
        "classnames": "2.2.5",
        "prop-types": "15.6.0"
      }
    },
    "rc-table": {
      "version": "5.6.13",
      "resolved": "https://registry.npmjs.org/rc-table/-/rc-table-5.6.13.tgz",
      "integrity": "sha512-gyhtFKXgj1TlWzJ2eA5nFWsjXuqb0bSZP8pyjXbXOoCvWSHRRf8CAJK9sF+8x9JJjXDVNSqsZtj+GvDpW4B4MA==",
      "requires": {
        "babel-runtime": "6.26.0",
        "component-classes": "1.2.6",
        "lodash.get": "4.4.2",
        "prop-types": "15.6.0",
        "rc-util": "4.1.1",
        "shallowequal": "0.2.2",
        "warning": "3.0.0"
      },
      "dependencies": {
        "shallowequal": {
          "version": "0.2.2",
          "resolved": "https://registry.npmjs.org/shallowequal/-/shallowequal-0.2.2.tgz",
          "integrity": "sha1-HjL9W8q2rWiKSBLLDMBO/HXHAU4=",
          "requires": {
            "lodash.keys": "3.1.2"
          }
        }
      }
    },
    "rc-tabs": {
      "version": "9.1.5",
      "resolved": "https://registry.npmjs.org/rc-tabs/-/rc-tabs-9.1.5.tgz",
      "integrity": "sha512-vUPqpl7N8CXeilUzVmwIXTdjrZ2fP/uNamgRgCUgBNSWBwoutxnf6BehGLKK10IvaHKKA8ds22O3Ek1bsBgWHQ==",
      "requires": {
        "babel-runtime": "6.26.0",
        "classnames": "2.2.5",
        "create-react-class": "15.6.2",
        "lodash.debounce": "4.0.8",
        "prop-types": "15.6.0",
        "rc-hammerjs": "0.6.9",
        "rc-util": "4.1.1",
        "warning": "3.0.0"
      }
    },
    "rc-time-picker": {
      "version": "2.4.1",
      "resolved": "https://registry.npmjs.org/rc-time-picker/-/rc-time-picker-2.4.1.tgz",
      "integrity": "sha1-B049EgjogO2w2Zp7nMFbk1BdqMY=",
      "requires": {
        "babel-runtime": "6.26.0",
        "classnames": "2.2.5",
        "moment": "2.19.1",
        "prop-types": "15.6.0",
        "rc-trigger": "1.11.5"
      }
    },
    "rc-tooltip": {
      "version": "3.4.9",
      "resolved": "https://registry.npmjs.org/rc-tooltip/-/rc-tooltip-3.4.9.tgz",
      "integrity": "sha512-D9VFsy+0sB6s3zZ/DSTI+AJB106mOrRVTw3IXwF1mMhjHaCvEO+CGzHcTfyj9k6tY+5c4E+fd+r2g4DnkjgSNg==",
      "requires": {
        "babel-runtime": "6.26.0",
        "prop-types": "15.6.0",
        "rc-trigger": "1.11.5"
      }
    },
    "rc-touchable": {
      "version": "1.2.3",
      "resolved": "https://registry.npmjs.org/rc-touchable/-/rc-touchable-1.2.3.tgz",
      "integrity": "sha1-X0mDJOPQubpgGpxINJWOqixxNhg=",
      "requires": {
        "babel-runtime": "6.26.0"
      }
    },
    "rc-tree": {
      "version": "1.7.8",
      "resolved": "https://registry.npmjs.org/rc-tree/-/rc-tree-1.7.8.tgz",
      "integrity": "sha512-XlFDDtVYRiv+qckkxo+XFErL52mDXHv+NqZsxuoDjGgbagEFELcvGje/rBMO/Ja1cLqF3sOM5zeWPy/l3J9aqA==",
      "requires": {
        "babel-runtime": "6.26.0",
        "classnames": "2.2.5",
        "prop-types": "15.6.0",
        "rc-animate": "2.4.1",
        "rc-util": "4.1.1",
        "warning": "3.0.0"
      }
    },
    "rc-tree-select": {
      "version": "1.10.11",
      "resolved": "https://registry.npmjs.org/rc-tree-select/-/rc-tree-select-1.10.11.tgz",
      "integrity": "sha512-DOPaWpxKfctAMYsKvct+KMdKZQgOARrVSafiuMsQnxpoBOzwjoZ1+TMb7Fss0TJJIxzycxyNETBmpF/QiC6k9w==",
      "requires": {
        "babel-runtime": "6.26.0",
        "classnames": "2.2.5",
        "object-assign": "4.1.1",
        "prop-types": "15.6.0",
        "rc-animate": "2.4.1",
        "rc-tree": "1.7.8",
        "rc-trigger": "1.11.5",
        "rc-util": "4.1.1"
      }
    },
    "rc-trigger": {
      "version": "1.11.5",
      "resolved": "https://registry.npmjs.org/rc-trigger/-/rc-trigger-1.11.5.tgz",
      "integrity": "sha512-MBuUPw1nFzA4K7jQOwb7uvFaZFjXGd00EofUYiZ+l/fgKVq8wnLC0lkv36kwqM7vfKyftRo2sh7cWVpdPuNnnw==",
      "requires": {
        "babel-runtime": "6.26.0",
        "create-react-class": "15.6.2",
        "prop-types": "15.6.0",
        "rc-align": "2.3.4",
        "rc-animate": "2.4.1",
        "rc-util": "4.1.1"
      }
    },
    "rc-upload": {
      "version": "2.4.3",
      "resolved": "https://registry.npmjs.org/rc-upload/-/rc-upload-2.4.3.tgz",
      "integrity": "sha512-GZOyVQAhQTeND4YirRD1M2ngPRa2ex0DiYl3c+tnjWXVHlt4NtpKTBp+BOASWgePzW2FGPXO6qXoDIRaov5eBg==",
      "requires": {
        "attr-accept": "1.1.0",
        "babel-runtime": "6.26.0",
        "classnames": "2.2.5",
        "prop-types": "15.6.0",
        "warning": "2.1.0"
      },
      "dependencies": {
        "warning": {
          "version": "2.1.0",
          "resolved": "https://registry.npmjs.org/warning/-/warning-2.1.0.tgz",
          "integrity": "sha1-ISINnGOvx3qMkhEeARr3Bc4MaQE=",
          "requires": {
            "loose-envify": "1.3.1"
          }
        }
      }
    },
    "rc-util": {
      "version": "4.1.1",
      "resolved": "https://registry.npmjs.org/rc-util/-/rc-util-4.1.1.tgz",
      "integrity": "sha512-XmTNkQWt39uvBcNfR75Ps6nAoXb298Sj93UYPRXvMrkSt16H4SDMmtvPdVHpdi2yKQhVJD4ScEyKo9wwLPKuMA==",
      "requires": {
        "add-dom-event-listener": "1.0.2",
        "babel-runtime": "6.26.0",
        "prop-types": "15.6.0",
        "shallowequal": "0.2.2"
      },
      "dependencies": {
        "shallowequal": {
          "version": "0.2.2",
          "resolved": "https://registry.npmjs.org/shallowequal/-/shallowequal-0.2.2.tgz",
          "integrity": "sha1-HjL9W8q2rWiKSBLLDMBO/HXHAU4=",
          "requires": {
            "lodash.keys": "3.1.2"
          }
        }
      }
    },
    "react-lazy-load": {
      "version": "3.0.12",
      "resolved": "https://registry.npmjs.org/react-lazy-load/-/react-lazy-load-3.0.12.tgz",
      "integrity": "sha1-K4Qd/DIn6BGdAzGJ0slgzjhNDLk=",
      "requires": {
        "eventlistener": "0.0.1",
        "lodash.debounce": "4.0.8",
        "lodash.throttle": "4.1.1",
        "prop-types": "15.6.0"
      }
    },
    "react-slick": {
      "version": "0.15.4",
      "resolved": "https://registry.npmjs.org/react-slick/-/react-slick-0.15.4.tgz",
      "integrity": "sha512-RXKA8V6NmpTz6Ngo3XB5dg4GrGwDln89j5uG9Z4NXOedlVCzfG3LcHBVC5Pqs411Arbcp8nlzcg39g+rT6OPHw==",
      "requires": {
        "can-use-dom": "0.1.0",
        "classnames": "2.2.5",
        "create-react-class": "15.6.2",
        "enquire.js": "2.1.6",
        "json2mq": "0.2.0",
        "object-assign": "4.1.1",
        "slick-carousel": "1.8.1"
      }
    },
    "regenerator-runtime": {
      "version": "0.11.0",
      "resolved": "https://registry.npmjs.org/regenerator-runtime/-/regenerator-runtime-0.11.0.tgz",
      "integrity": "sha512-/aA0kLeRb5N9K0d4fw7ooEbI+xDe+DKD499EQqygGqeS8N3xto15p09uY2xj7ixP81sNPXvRLnAQIqdVStgb1A=="
    },
    "request": {
      "version": "2.83.0",
      "resolved": "https://registry.npmjs.org/request/-/request-2.83.0.tgz",
      "integrity": "sha512-lR3gD69osqm6EYLk9wB/G1W/laGWjzH90t1vEa2xuxHD5KUrSzp9pUSfTm+YC5Nxt2T8nMPEvKlhbQayU7bgFw==",
      "optional": true,
      "requires": {
        "aws-sign2": "0.7.0",
        "aws4": "1.6.0",
        "caseless": "0.12.0",
        "combined-stream": "1.0.5",
        "extend": "3.0.1",
        "forever-agent": "0.6.1",
        "form-data": "2.3.1",
        "har-validator": "5.0.3",
        "hawk": "6.0.2",
        "http-signature": "1.2.0",
        "is-typedarray": "1.0.0",
        "isstream": "0.1.2",
        "json-stringify-safe": "5.0.1",
        "mime-types": "2.1.17",
        "oauth-sign": "0.8.2",
        "performance-now": "2.1.0",
        "qs": "6.5.1",
        "safe-buffer": "5.1.1",
        "stringstream": "0.0.5",
        "tough-cookie": "2.3.3",
        "tunnel-agent": "0.6.0",
        "uuid": "3.1.0"
      }
    },
    "safe-buffer": {
      "version": "5.1.1",
      "resolved": "https://registry.npmjs.org/safe-buffer/-/safe-buffer-5.1.1.tgz",
      "integrity": "sha512-kKvNJn6Mm93gAczWVJg7wH+wGYWNrDHdWvpUmHyEsgCtIwwo3bqPtV4tR5tuPaUhTOo/kvhVwd8XwwOllGYkbg=="
    },
    "setimmediate": {
      "version": "1.0.5",
      "resolved": "https://registry.npmjs.org/setimmediate/-/setimmediate-1.0.5.tgz",
      "integrity": "sha1-KQy7Iy4waULX1+qbg3Mqt4VvgoU="
    },
    "shallow-equal": {
      "version": "1.0.0",
      "resolved": "https://registry.npmjs.org/shallow-equal/-/shallow-equal-1.0.0.tgz",
      "integrity": "sha1-UI0YOLPeWQq4dXsBGyXkMJAJRfc="
    },
    "shallowequal": {
      "version": "1.0.2",
      "resolved": "https://registry.npmjs.org/shallowequal/-/shallowequal-1.0.2.tgz",
      "integrity": "sha512-zlVXeVUKvo+HEv1e2KQF/csyeMKx2oHvatQ9l6XjCUj3agvC8XGf6R9HvIPDSmp8FNPvx7b5kaEJTRi7CqxtEw=="
    },
    "slick-carousel": {
      "version": "1.8.1",
      "resolved": "https://registry.npmjs.org/slick-carousel/-/slick-carousel-1.8.1.tgz",
      "integrity": "sha512-XB9Ftrf2EEKfzoQXt3Nitrt/IPbT+f1fgqBdoxO3W/+JYvtEOW6EgxnWfr9GH6nmULv7Y2tPmEX3koxThVmebA=="
    },
    "sntp": {
      "version": "2.1.0",
      "resolved": "https://registry.npmjs.org/sntp/-/sntp-2.1.0.tgz",
      "integrity": "sha512-FL1b58BDrqS3A11lJ0zEdnJ3UOKqVxawAkF3k7F0CVN7VQ34aZrV+G8BZ1WC9ZL7NyrwsW0oviwsWDgRuVYtJg==",
      "optional": true,
      "requires": {
        "hoek": "4.2.0"
      }
    },
    "source-map": {
      "version": "0.5.7",
      "resolved": "https://registry.npmjs.org/source-map/-/source-map-0.5.7.tgz",
      "integrity": "sha1-igOdLRAh0i0eoUyA2OpGi6LvP8w=",
      "optional": true
    },
    "sshpk": {
      "version": "1.13.1",
      "resolved": "https://registry.npmjs.org/sshpk/-/sshpk-1.13.1.tgz",
      "integrity": "sha1-US322mKHFEMW3EwY/hzx2UBzm+M=",
      "optional": true,
      "requires": {
        "asn1": "0.2.3",
        "assert-plus": "1.0.0",
        "bcrypt-pbkdf": "1.0.1",
        "dashdash": "1.14.1",
        "ecc-jsbn": "0.1.1",
        "getpass": "0.1.7",
        "jsbn": "0.1.1",
        "tweetnacl": "0.14.5"
      }
    },
    "string-convert": {
      "version": "0.2.1",
      "resolved": "https://registry.npmjs.org/string-convert/-/string-convert-0.2.1.tgz",
      "integrity": "sha1-aYLMMEn7tM2F+LJFaLnZvznu/5c="
    },
    "stringstream": {
      "version": "0.0.5",
      "resolved": "https://registry.npmjs.org/stringstream/-/stringstream-0.0.5.tgz",
      "integrity": "sha1-TkhM1N5aC7vuGORjB3EKioFiGHg=",
      "optional": true
    },
    "tough-cookie": {
      "version": "2.3.3",
      "resolved": "https://registry.npmjs.org/tough-cookie/-/tough-cookie-2.3.3.tgz",
      "integrity": "sha1-C2GKVWW23qkL80JdBNVe3EdadWE=",
      "optional": true,
      "requires": {
        "punycode": "1.4.1"
      }
    },
    "tunnel-agent": {
      "version": "0.6.0",
      "resolved": "https://registry.npmjs.org/tunnel-agent/-/tunnel-agent-0.6.0.tgz",
      "integrity": "sha1-J6XeoGs2sEoKmWZ3SykIaPD8QP0=",
      "optional": true,
      "requires": {
        "safe-buffer": "5.1.1"
      }
    },
    "tweetnacl": {
      "version": "0.14.5",
      "resolved": "https://registry.npmjs.org/tweetnacl/-/tweetnacl-0.14.5.tgz",
      "integrity": "sha1-WuaBd/GS1EViadEIr6k/+HQ/T2Q=",
      "optional": true
    },
    "ua-parser-js": {
      "version": "0.7.17",
      "resolved": "https://registry.npmjs.org/ua-parser-js/-/ua-parser-js-0.7.17.tgz",
      "integrity": "sha512-uRdSdu1oA1rncCQL7sCj8vSyZkgtL7faaw9Tc9rZ3mGgraQ7+Pdx7w5mnOSF3gw9ZNG6oc+KXfkon3bKuROm0g=="
    },
    "uuid": {
      "version": "3.1.0",
      "resolved": "https://registry.npmjs.org/uuid/-/uuid-3.1.0.tgz",
      "integrity": "sha512-DIWtzUkw04M4k3bf1IcpS2tngXEL26YUD2M0tMDUpnUrz2hgzUBlD55a4FjdLGPvfHxS6uluGWvaVEqgBcVa+g==",
      "optional": true
    },
    "verror": {
      "version": "1.10.0",
      "resolved": "https://registry.npmjs.org/verror/-/verror-1.10.0.tgz",
      "integrity": "sha1-OhBcoXBTr1XW4nDB+CiGguGNpAA=",
      "optional": true,
      "requires": {
        "assert-plus": "1.0.0",
        "core-util-is": "1.0.2",
        "extsprintf": "1.3.0"
      }
    },
    "warning": {
      "version": "3.0.0",
      "resolved": "https://registry.npmjs.org/warning/-/warning-3.0.0.tgz",
      "integrity": "sha1-MuU3fLVy3kqwR1O9+IIcAe1gW3w=",
      "requires": {
        "loose-envify": "1.3.1"
      }
    },
    "whatwg-fetch": {
      "version": "2.0.3",
      "resolved": "https://registry.npmjs.org/whatwg-fetch/-/whatwg-fetch-2.0.3.tgz",
      "integrity": "sha1-nITsLc9oGH/wC8ZOEnS0QhduHIQ="
    }
  }
}
